
Microsoft Visual Studio Solution File, Format Version 12.00
# Visual Studio Version 17
VisualStudioVersion = 17.8.34330.188
MinimumVisualStudioVersion = 10.0.40219.1
Project("{FAE04EC0-301F-11D3-BF4B-00C04F79EFBC}") = "RedditApi", "RedditApi.csproj", "{29BF2C38-2325-4DBF-9C65-88C44EB10CCB}"
EndProject
Global
	GlobalSection(SolutionConfigurationPlatforms) = preSolution
		Debug|Any CPU = Debug|Any CPU
		Release|Any CPU = Release|Any CPU
	EndGlobalSection
	GlobalSection(ProjectConfigurationPlatforms) = postSolution
		{29BF2C38-2325-4DBF-9C65-88C44EB10CCB}.Debug|Any CPU.ActiveCfg = Debug|Any CPU
		{29BF2C38-2325-4DBF-9C65-88C44EB10CCB}.Debug|Any CPU.Build.0 = Debug|Any CPU
		{29BF2C38-2325-4DBF-9C65-88C44EB10CCB}.Release|Any CPU.ActiveCfg = Release|Any CPU
		{29BF2C38-2325-4DBF-9C65-88C44EB10CCB}.Release|Any CPU.Build.0 = Release|Any CPU
	EndGlobalSection
	GlobalSection(SolutionProperties) = preSolution
		HideSolutionNode = FALSE
	EndGlobalSection
	GlobalSection(ExtensibilityGlobals) = postSolution
		SolutionGuid = {383DCE89-02CD-440A-A626-0111667DF0A2}
	EndGlobalSection
EndGlobal
